
Microsoft Visual Studio Solution File, Format Version 12.00
# Visual Studio Version 17
VisualStudioVersion = 17.9.34728.123
MinimumVisualStudioVersion = 10.0.40219.1
Project("{FAE04EC0-301F-11D3-BF4B-00C04F79EFBC}") = "Desafio30Dias_Dia07", "Desafio30Dias_Dia07\Desafio30Dias_Dia07.csproj", "{77652708-7686-4C48-BC03-14C26E710F98}"
EndProject
Global
	GlobalSection(SolutionConfigurationPlatforms) = preSolution
		Debug|Any CPU = Debug|Any CPU
		Release|Any CPU = Release|Any CPU
	EndGlobalSection
	GlobalSection(ProjectConfigurationPlatforms) = postSolution
		{77652708-7686-4C48-BC03-14C26E710F98}.Debug|Any CPU.ActiveCfg = Debug|Any CPU
		{77652708-7686-4C48-BC03-14C26E710F98}.Debug|Any CPU.Build.0 = Debug|Any CPU
		{77652708-7686-4C48-BC03-14C26E710F98}.Release|Any CPU.ActiveCfg = Release|Any CPU
		{77652708-7686-4C48-BC03-14C26E710F98}.Release|Any CPU.Build.0 = Release|Any CPU
	EndGlobalSection
	GlobalSection(SolutionProperties) = preSolution
		HideSolutionNode = FALSE
	EndGlobalSection
	GlobalSection(ExtensibilityGlobals) = postSolution
		SolutionGuid = {86601AFF-97E2-4F08-81D9-18863EE50746}
	EndGlobalSection
EndGlobal
