
Microsoft Visual Studio Solution File, Format Version 12.00
# Visual Studio Version 17
VisualStudioVersion = 17.9.34728.123
MinimumVisualStudioVersion = 10.0.40219.1
Project("{FAE04EC0-301F-11D3-BF4B-00C04F79EFBC}") = "Desafio30Dias_Dia04", "Desafio30Dias_Dia04\Desafio30Dias_Dia04.csproj", "{2299B034-7CBF-49A1-B091-EA53922F8E70}"
EndProject
Global
	GlobalSection(SolutionConfigurationPlatforms) = preSolution
		Debug|Any CPU = Debug|Any CPU
		Release|Any CPU = Release|Any CPU
	EndGlobalSection
	GlobalSection(ProjectConfigurationPlatforms) = postSolution
		{2299B034-7CBF-49A1-B091-EA53922F8E70}.Debug|Any CPU.ActiveCfg = Debug|Any CPU
		{2299B034-7CBF-49A1-B091-EA53922F8E70}.Debug|Any CPU.Build.0 = Debug|Any CPU
		{2299B034-7CBF-49A1-B091-EA53922F8E70}.Release|Any CPU.ActiveCfg = Release|Any CPU
		{2299B034-7CBF-49A1-B091-EA53922F8E70}.Release|Any CPU.Build.0 = Release|Any CPU
	EndGlobalSection
	GlobalSection(SolutionProperties) = preSolution
		HideSolutionNode = FALSE
	EndGlobalSection
	GlobalSection(ExtensibilityGlobals) = postSolution
		SolutionGuid = {EF514C7A-1B39-4CE4-927F-3C36EB863DA2}
	EndGlobalSection
EndGlobal
